{
  "name": "typescript-demo",
  "version": "1.0.0",
  "lockfileVersion": 2,
  "requires": true,
  "packages": {
    "": {
      "version": "1.0.0",
      "license": "ISC",
      "devDependencies": {
        "@types/google.maps": "^3.46.1",
        "@types/node": "^16.11.6"
      }
    },
    "node_modules/@types/google.maps": {
      "version": "3.46.1",
      "resolved": "https://registry.npmjs.org/@types/google.maps/-/google.maps-3.46.1.tgz",
      "integrity": "sha512-GAa5ZWYgXG50yLXybb7A824esGm/L0LKHS7qD0qkP0IA/Qp5r922P9tmYcbCkGEf3Zgf7Ukbp7l08/IGIJuQwQ==",
      "dev": true
    },
    "node_modules/@types/node": {
      "version": "16.11.6",
      "resolved": "https://registry.npmjs.org/@types/node/-/node-16.11.6.tgz",
      "integrity": "sha512-ua7PgUoeQFjmWPcoo9khiPum3Pd60k4/2ZGXt18sm2Slk0W0xZTqt5Y0Ny1NyBiN1EVQ/+FaF9NcY4Qe6rwk5w==",
      "dev": true
    }
  },
  "dependencies": {
    "@types/google.maps": {
      "version": "3.46.1",
      "resolved": "https://registry.npmjs.org/@types/google.maps/-/google.maps-3.46.1.tgz",
      "integrity": "sha512-GAa5ZWYgXG50yLXybb7A824esGm/L0LKHS7qD0qkP0IA/Qp5r922P9tmYcbCkGEf3Zgf7Ukbp7l08/IGIJuQwQ==",
      "dev": true
    },
    "@types/node": {
      "version": "16.11.6",
      "resolved": "https://registry.npmjs.org/@types/node/-/node-16.11.6.tgz",
      "integrity": "sha512-ua7PgUoeQFjmWPcoo9khiPum3Pd60k4/2ZGXt18sm2Slk0W0xZTqt5Y0Ny1NyBiN1EVQ/+FaF9NcY4Qe6rwk5w==",
      "dev": true
    }
  }
}
